// !$*UTF8*$!
{
	archiveVersion = 1;
	classes = {
	};
	objectVersion = 46;
	objects = {

/* Begin PBXBuildFile section */
		1352493815F29A6200B98CF6 /* Foundation.framework in Frameworks */ = {isa = PBXBuildFile; fileRef = 1352493715F29A6200B98CF6 /* Foundation.framework */; };
		1352494715F29A6300B98CF6 /* SenTestingKit.framework in Frameworks */ = {isa = PBXBuildFile; fileRef = 1352494615F29A6300B98CF6 /* SenTestingKit.framework */; };
		1352494915F29A6300B98CF6 /* UIKit.framework in Frameworks */ = {isa = PBXBuildFile; fileRef = 1352494815F29A6300B98CF6 /* UIKit.framework */; };
		1352494A15F29A6300B98CF6 /* Foundation.framework in Frameworks */ = {isa = PBXBuildFile; fileRef = 1352493715F29A6200B98CF6 /* Foundation.framework */; };
		1352494D15F29A6300B98CF6 /* libRPPhysicsOC.a in Frameworks */ = {isa = PBXBuildFile; fileRef = 1352493415F29A6200B98CF6 /* libRPPhysicsOC.a */; };
		1352495315F29A6300B98CF6 /* InfoPlist.strings in Resources */ = {isa = PBXBuildFile; fileRef = 1352495115F29A6300B98CF6 /* InfoPlist.strings */; };
		1352495615F29A6300B98CF6 /* RPPhysicsOCTests.m in Sources */ = {isa = PBXBuildFile; fileRef = 1352495515F29A6300B98CF6 /* RPPhysicsOCTests.m */; };
		1352496615F2CF0D00B98CF6 /* RPParticle.m in Sources */ = {isa = PBXBuildFile; fileRef = 1352496515F2CF0D00B98CF6 /* RPParticle.m */; };
		1352496915F2D43F00B98CF6 /* RPVector3.m in Sources */ = {isa = PBXBuildFile; fileRef = 1352496815F2D43F00B98CF6 /* RPVector3.m */; };
		1352496C15F331AE00B98CF6 /* RPFirework.m in Sources */ = {isa = PBXBuildFile; fileRef = 1352496B15F331AD00B98CF6 /* RPFirework.m */; };
		1352497315F3AA1900B98CF6 /* RPVector3Tests.m in Sources */ = {isa = PBXBuildFile; fileRef = 1352497215F3AA1900B98CF6 /* RPVector3Tests.m */; };
		1352497915F3EEDE00B98CF6 /* RPParticleTests.m in Sources */ = {isa = PBXBuildFile; fileRef = 1352497815F3EEDE00B98CF6 /* RPParticleTests.m */; };
		1377812715F4FC72003623C6 /* RPFireworkRule.m in Sources */ = {isa = PBXBuildFile; fileRef = 1377812615F4FC72003623C6 /* RPFireworkRule.m */; };
		1377812B15F51672003623C6 /* RPRandom.m in Sources */ = {isa = PBXBuildFile; fileRef = 1377812A15F51672003623C6 /* RPRandom.m */; };
		1377812E15F5464A003623C6 /* RPRandomTests.m in Sources */ = {isa = PBXBuildFile; fileRef = 1377812D15F5464A003623C6 /* RPRandomTests.m */; };
		1377813515F55BD7003623C6 /* RPParticleForceRegistry.m in Sources */ = {isa = PBXBuildFile; fileRef = 1377813415F55BD7003623C6 /* RPParticleForceRegistry.m */; };
		1377813715F56E2E003623C6 /* RPFirework.h in Headers */ = {isa = PBXBuildFile; fileRef = 1352496A15F331AD00B98CF6 /* RPFirework.h */; settings = {ATTRIBUTES = (Public, ); }; };
		1377813815F56E2E003623C6 /* RPFireworkRule.h in Headers */ = {isa = PBXBuildFile; fileRef = 1377812515F4FC72003623C6 /* RPFireworkRule.h */; settings = {ATTRIBUTES = (Public, ); }; };
		1377813915F56E2E003623C6 /* RPParticle.h in Headers */ = {isa = PBXBuildFile; fileRef = 1352496415F2CF0D00B98CF6 /* RPParticle.h */; settings = {ATTRIBUTES = (Public, ); }; };
		1377813A15F56E2E003623C6 /* RPParticleForceGenerator.h in Headers */ = {isa = PBXBuildFile; fileRef = 1377813015F557CD003623C6 /* RPParticleForceGenerator.h */; settings = {ATTRIBUTES = (Public, ); }; };
		1377813B15F56E2E003623C6 /* RPParticleForceRegistry.h in Headers */ = {isa = PBXBuildFile; fileRef = 1377813315F55BD7003623C6 /* RPParticleForceRegistry.h */; settings = {ATTRIBUTES = (Public, ); }; };
		1377813C15F56E2E003623C6 /* RPPhysicsOC.h in Headers */ = {isa = PBXBuildFile; fileRef = 1352493C15F29A6200B98CF6 /* RPPhysicsOC.h */; settings = {ATTRIBUTES = (Public, ); }; };
		1377813D15F56E2E003623C6 /* RPRandom.h in Headers */ = {isa = PBXBuildFile; fileRef = 1377812915F51672003623C6 /* RPRandom.h */; settings = {ATTRIBUTES = (Public, ); }; };
		1377813E15F56E2E003623C6 /* RPTypes.h in Headers */ = {isa = PBXBuildFile; fileRef = 1352496315F2CD1E00B98CF6 /* RPTypes.h */; settings = {ATTRIBUTES = (Public, ); }; };
		1377813F15F56E2E003623C6 /* RPVector3.h in Headers */ = {isa = PBXBuildFile; fileRef = 1352496715F2D43F00B98CF6 /* RPVector3.h */; settings = {ATTRIBUTES = (Public, ); }; };
		1377814A15F59444003623C6 /* RPParticleGravity.h in Headers */ = {isa = PBXBuildFile; fileRef = 1377814815F59444003623C6 /* RPParticleGravity.h */; settings = {ATTRIBUTES = (Public, ); }; };
		1377814B15F59444003623C6 /* RPParticleGravity.m in Sources */ = {isa = PBXBuildFile; fileRef = 1377814915F59444003623C6 /* RPParticleGravity.m */; };
		1377814E15F59ECD003623C6 /* RPParticleDrag.h in Headers */ = {isa = PBXBuildFile; fileRef = 1377814C15F59ECC003623C6 /* RPParticleDrag.h */; settings = {ATTRIBUTES = (Public, ); }; };
		1377814F15F59ECD003623C6 /* RPParticleDrag.m in Sources */ = {isa = PBXBuildFile; fileRef = 1377814D15F59ECD003623C6 /* RPParticleDrag.m */; };
		1377815215F5A397003623C6 /* RPParticleSpring.h in Headers */ = {isa = PBXBuildFile; fileRef = 1377815015F5A396003623C6 /* RPParticleSpring.h */; };
		1377815315F5A397003623C6 /* RPParticleSpring.m in Sources */ = {isa = PBXBuildFile; fileRef = 1377815115F5A397003623C6 /* RPParticleSpring.m */; };
/* End PBXBuildFile section */

/* Begin PBXContainerItemProxy section */
		1352494B15F29A6300B98CF6 /* PBXContainerItemProxy */ = {
			isa = PBXContainerItemProxy;
			containerPortal = 1352492B15F29A6200B98CF6 /* Project object */;
			proxyType = 1;
			remoteGlobalIDString = 1352493315F29A6200B98CF6;
			remoteInfo = RPPhysicsOC;
		};
/* End PBXContainerItemProxy section */

/* Begin PBXCopyFilesBuildPhase section */
		1352493215F29A6200B98CF6 /* CopyFiles */ = {
			isa = PBXCopyFilesBuildPhase;
			buildActionMask = 2147483647;
			dstPath = "include/${PRODUCT_NAME}";
			dstSubfolderSpec = 16;
			files = (
			);
			runOnlyForDeploymentPostprocessing = 0;
		};
/* End PBXCopyFilesBuildPhase section */

/* Begin PBXFileReference section */
		1352493415F29A6200B98CF6 /* libRPPhysicsOC.a */ = {isa = PBXFileReference; explicitFileType = archive.ar; includeInIndex = 0; path = libRPPhysicsOC.a; sourceTree = BUILT_PRODUCTS_DIR; };
		1352493715F29A6200B98CF6 /* Foundation.framework */ = {isa = PBXFileReference; lastKnownFileType = wrapper.framework; name = Foundation.framework; path = System/Library/Frameworks/Foundation.framework; sourceTree = SDKROOT; };
		1352493B15F29A6200B98CF6 /* RPPhysicsOC-Prefix.pch */ = {isa = PBXFileReference; lastKnownFileType = sourcecode.c.h; path = "RPPhysicsOC-Prefix.pch"; sourceTree = "<group>"; };
		1352493C15F29A6200B98CF6 /* RPPhysicsOC.h */ = {isa = PBXFileReference; lastKnownFileType = sourcecode.c.h; path = RPPhysicsOC.h; sourceTree = "<group>"; };
		1352494515F29A6300B98CF6 /* RPPhysicsOCTests.octest */ = {isa = PBXFileReference; explicitFileType = wrapper.cfbundle; includeInIndex = 0; path = RPPhysicsOCTests.octest; sourceTree = BUILT_PRODUCTS_DIR; };
		1352494615F29A6300B98CF6 /* SenTestingKit.framework */ = {isa = PBXFileReference; lastKnownFileType = wrapper.framework; name = SenTestingKit.framework; path = Library/Frameworks/SenTestingKit.framework; sourceTree = DEVELOPER_DIR; };
		1352494815F29A6300B98CF6 /* UIKit.framework */ = {isa = PBXFileReference; lastKnownFileType = wrapper.framework; name = UIKit.framework; path = Library/Frameworks/UIKit.framework; sourceTree = DEVELOPER_DIR; };
		1352495015F29A6300B98CF6 /* RPPhysicsOCTests-Info.plist */ = {isa = PBXFileReference; lastKnownFileType = text.plist.xml; path = "RPPhysicsOCTests-Info.plist"; sourceTree = "<group>"; };
		1352495215F29A6300B98CF6 /* en */ = {isa = PBXFileReference; lastKnownFileType = text.plist.strings; name = en; path = en.lproj/InfoPlist.strings; sourceTree = "<group>"; };
		1352495415F29A6300B98CF6 /* RPPhysicsOCTests.h */ = {isa = PBXFileReference; lastKnownFileType = sourcecode.c.h; path = RPPhysicsOCTests.h; sourceTree = "<group>"; };
		1352495515F29A6300B98CF6 /* RPPhysicsOCTests.m */ = {isa = PBXFileReference; lastKnownFileType = sourcecode.c.objc; path = RPPhysicsOCTests.m; sourceTree = "<group>"; };
		1352495F15F29ACE00B98CF6 /* README.md */ = {isa = PBXFileReference; fileEncoding = 4; lastKnownFileType = text; path = README.md; sourceTree = "<group>"; };
		1352496315F2CD1E00B98CF6 /* RPTypes.h */ = {isa = PBXFileReference; fileEncoding = 4; lastKnownFileType = sourcecode.c.h; path = RPTypes.h; sourceTree = "<group>"; };
		1352496415F2CF0D00B98CF6 /* RPParticle.h */ = {isa = PBXFileReference; fileEncoding = 4; lastKnownFileType = sourcecode.c.h; path = RPParticle.h; sourceTree = "<group>"; };
		1352496515F2CF0D00B98CF6 /* RPParticle.m */ = {isa = PBXFileReference; fileEncoding = 4; lastKnownFileType = sourcecode.c.objc; path = RPParticle.m; sourceTree = "<group>"; };
		1352496715F2D43F00B98CF6 /* RPVector3.h */ = {isa = PBXFileReference; fileEncoding = 4; lastKnownFileType = sourcecode.c.h; path = RPVector3.h; sourceTree = "<group>"; };
		1352496815F2D43F00B98CF6 /* RPVector3.m */ = {isa = PBXFileReference; fileEncoding = 4; lastKnownFileType = sourcecode.c.objc; path = RPVector3.m; sourceTree = "<group>"; };
		1352496A15F331AD00B98CF6 /* RPFirework.h */ = {isa = PBXFileReference; fileEncoding = 4; lastKnownFileType = sourcecode.c.h; path = RPFirework.h; sourceTree = "<group>"; };
		1352496B15F331AD00B98CF6 /* RPFirework.m */ = {isa = PBXFileReference; fileEncoding = 4; lastKnownFileType = sourcecode.c.objc; path = RPFirework.m; sourceTree = "<group>"; };
		1352497115F3AA1900B98CF6 /* RPVector3Tests.h */ = {isa = PBXFileReference; fileEncoding = 4; lastKnownFileType = sourcecode.c.h; path = RPVector3Tests.h; sourceTree = "<group>"; };
		1352497215F3AA1900B98CF6 /* RPVector3Tests.m */ = {isa = PBXFileReference; fileEncoding = 4; lastKnownFileType = sourcecode.c.objc; path = RPVector3Tests.m; sourceTree = "<group>"; };
		1352497715F3EEDE00B98CF6 /* RPParticleTests.h */ = {isa = PBXFileReference; fileEncoding = 4; lastKnownFileType = sourcecode.c.h; path = RPParticleTests.h; sourceTree = "<group>"; };
		1352497815F3EEDE00B98CF6 /* RPParticleTests.m */ = {isa = PBXFileReference; fileEncoding = 4; lastKnownFileType = sourcecode.c.objc; path = RPParticleTests.m; sourceTree = "<group>"; };
		1377812515F4FC72003623C6 /* RPFireworkRule.h */ = {isa = PBXFileReference; fileEncoding = 4; lastKnownFileType = sourcecode.c.h; path = RPFireworkRule.h; sourceTree = "<group>"; };
		1377812615F4FC72003623C6 /* RPFireworkRule.m */ = {isa = PBXFileReference; fileEncoding = 4; lastKnownFileType = sourcecode.c.objc; path = RPFireworkRule.m; sourceTree = "<group>"; };
		1377812915F51672003623C6 /* RPRandom.h */ = {isa = PBXFileReference; fileEncoding = 4; lastKnownFileType = sourcecode.c.h; path = RPRandom.h; sourceTree = "<group>"; };
		1377812A15F51672003623C6 /* RPRandom.m */ = {isa = PBXFileReference; fileEncoding = 4; lastKnownFileType = sourcecode.c.objc; path = RPRandom.m; sourceTree = "<group>"; };
		1377812C15F5464A003623C6 /* RPRandomTests.h */ = {isa = PBXFileReference; fileEncoding = 4; lastKnownFileType = sourcecode.c.h; path = RPRandomTests.h; sourceTree = "<group>"; };
		1377812D15F5464A003623C6 /* RPRandomTests.m */ = {isa = PBXFileReference; fileEncoding = 4; lastKnownFileType = sourcecode.c.objc; path = RPRandomTests.m; sourceTree = "<group>"; };
		1377813015F557CD003623C6 /* RPParticleForceGenerator.h */ = {isa = PBXFileReference; fileEncoding = 4; lastKnownFileType = sourcecode.c.h; path = RPParticleForceGenerator.h; sourceTree = "<group>"; };
		1377813315F55BD7003623C6 /* RPParticleForceRegistry.h */ = {isa = PBXFileReference; fileEncoding = 4; lastKnownFileType = sourcecode.c.h; path = RPParticleForceRegistry.h; sourceTree = "<group>"; };
		1377813415F55BD7003623C6 /* RPParticleForceRegistry.m */ = {isa = PBXFileReference; fileEncoding = 4; lastKnownFileType = sourcecode.c.objc; path = RPParticleForceRegistry.m; sourceTree = "<group>"; };
		1377814815F59444003623C6 /* RPParticleGravity.h */ = {isa = PBXFileReference; fileEncoding = 4; lastKnownFileType = sourcecode.c.h; path = RPParticleGravity.h; sourceTree = "<group>"; };
		1377814915F59444003623C6 /* RPParticleGravity.m */ = {isa = PBXFileReference; fileEncoding = 4; lastKnownFileType = sourcecode.c.objc; path = RPParticleGravity.m; sourceTree = "<group>"; };
		1377814C15F59ECC003623C6 /* RPParticleDrag.h */ = {isa = PBXFileReference; fileEncoding = 4; lastKnownFileType = sourcecode.c.h; path = RPParticleDrag.h; sourceTree = "<group>"; };
		1377814D15F59ECD003623C6 /* RPParticleDrag.m */ = {isa = PBXFileReference; fileEncoding = 4; lastKnownFileType = sourcecode.c.objc; path = RPParticleDrag.m; sourceTree = "<group>"; };
		1377815015F5A396003623C6 /* RPParticleSpring.h */ = {isa = PBXFileReference; fileEncoding = 4; lastKnownFileType = sourcecode.c.h; path = RPParticleSpring.h; sourceTree = "<group>"; };
		1377815115F5A397003623C6 /* RPParticleSpring.m */ = {isa = PBXFileReference; fileEncoding = 4; lastKnownFileType = sourcecode.c.objc; path = RPParticleSpring.m; sourceTree = "<group>"; };
/* End PBXFileReference section */

/* Begin PBXFrameworksBuildPhase section */
		1352493115F29A6200B98CF6 /* Frameworks */ = {
			isa = PBXFrameworksBuildPhase;
			buildActionMask = 2147483647;
			files = (
				1352493815F29A6200B98CF6 /* Foundation.framework in Frameworks */,
			);
			runOnlyForDeploymentPostprocessing = 0;
		};
		1352494115F29A6300B98CF6 /* Frameworks */ = {
			isa = PBXFrameworksBuildPhase;
			buildActionMask = 2147483647;
			files = (
				1352494715F29A6300B98CF6 /* SenTestingKit.framework in Frameworks */,
				1352494915F29A6300B98CF6 /* UIKit.framework in Frameworks */,
				1352494A15F29A6300B98CF6 /* Foundation.framework in Frameworks */,
				1352494D15F29A6300B98CF6 /* libRPPhysicsOC.a in Frameworks */,
			);
			runOnlyForDeploymentPostprocessing = 0;
		};
/* End PBXFrameworksBuildPhase section */

/* Begin PBXGroup section */
		1352492915F29A6200B98CF6 = {
			isa = PBXGroup;
			children = (
				1352495F15F29ACE00B98CF6 /* README.md */,
				1352493915F29A6200B98CF6 /* RPPhysicsOC */,
				1352494E15F29A6300B98CF6 /* RPPhysicsOCTests */,
				1352493615F29A6200B98CF6 /* Frameworks */,
				1352493515F29A6200B98CF6 /* Products */,
			);
			sourceTree = "<group>";
		};
		1352493515F29A6200B98CF6 /* Products */ = {
			isa = PBXGroup;
			children = (
				1352493415F29A6200B98CF6 /* libRPPhysicsOC.a */,
				1352494515F29A6300B98CF6 /* RPPhysicsOCTests.octest */,
			);
			name = Products;
			sourceTree = "<group>";
		};
		1352493615F29A6200B98CF6 /* Frameworks */ = {
			isa = PBXGroup;
			children = (
				1352493715F29A6200B98CF6 /* Foundation.framework */,
				1352494615F29A6300B98CF6 /* SenTestingKit.framework */,
				1352494815F29A6300B98CF6 /* UIKit.framework */,
			);
			name = Frameworks;
			sourceTree = "<group>";
		};
		1352493915F29A6200B98CF6 /* RPPhysicsOC */ = {
			isa = PBXGroup;
			children = (
				1352496A15F331AD00B98CF6 /* RPFirework.h */,
				1352496B15F331AD00B98CF6 /* RPFirework.m */,
				1377812515F4FC72003623C6 /* RPFireworkRule.h */,
				1377812615F4FC72003623C6 /* RPFireworkRule.m */,
				1352496415F2CF0D00B98CF6 /* RPParticle.h */,
				1352496515F2CF0D00B98CF6 /* RPParticle.m */,
				1377814C15F59ECC003623C6 /* RPParticleDrag.h */,
				1377814D15F59ECD003623C6 /* RPParticleDrag.m */,
				1377813015F557CD003623C6 /* RPParticleForceGenerator.h */,
				1377813315F55BD7003623C6 /* RPParticleForceRegistry.h */,
				1377813415F55BD7003623C6 /* RPParticleForceRegistry.m */,
				1377814815F59444003623C6 /* RPParticleGravity.h */,
				1377814915F59444003623C6 /* RPParticleGravity.m */,
				1377815015F5A396003623C6 /* RPParticleSpring.h */,
				1377815115F5A397003623C6 /* RPParticleSpring.m */,
				1352493C15F29A6200B98CF6 /* RPPhysicsOC.h */,
				1377812915F51672003623C6 /* RPRandom.h */,
				1377812A15F51672003623C6 /* RPRandom.m */,
				1352496315F2CD1E00B98CF6 /* RPTypes.h */,
				1352496715F2D43F00B98CF6 /* RPVector3.h */,
				1352496815F2D43F00B98CF6 /* RPVector3.m */,
				1352493A15F29A6200B98CF6 /* Supporting Files */,
			);
			path = RPPhysicsOC;
			sourceTree = "<group>";
		};
		1352493A15F29A6200B98CF6 /* Supporting Files */ = {
			isa = PBXGroup;
			children = (
				1352493B15F29A6200B98CF6 /* RPPhysicsOC-Prefix.pch */,
			);
			name = "Supporting Files";
			sourceTree = "<group>";
		};
		1352494E15F29A6300B98CF6 /* RPPhysicsOCTests */ = {
			isa = PBXGroup;
			children = (
				1352497715F3EEDE00B98CF6 /* RPParticleTests.h */,
				1352497815F3EEDE00B98CF6 /* RPParticleTests.m */,
				1352495415F29A6300B98CF6 /* RPPhysicsOCTests.h */,
				1352495515F29A6300B98CF6 /* RPPhysicsOCTests.m */,
				1377812C15F5464A003623C6 /* RPRandomTests.h */,
				1377812D15F5464A003623C6 /* RPRandomTests.m */,
				1352497115F3AA1900B98CF6 /* RPVector3Tests.h */,
				1352497215F3AA1900B98CF6 /* RPVector3Tests.m */,
				1352494F15F29A6300B98CF6 /* Supporting Files */,
			);
			path = RPPhysicsOCTests;
			sourceTree = "<group>";
		};
		1352494F15F29A6300B98CF6 /* Supporting Files */ = {
			isa = PBXGroup;
			children = (
				1352495015F29A6300B98CF6 /* RPPhysicsOCTests-Info.plist */,
				1352495115F29A6300B98CF6 /* InfoPlist.strings */,
			);
			name = "Supporting Files";
			sourceTree = "<group>";
		};
/* End PBXGroup section */

/* Begin PBXHeadersBuildPhase section */
		1377813615F56DF1003623C6 /* Headers */ = {
			isa = PBXHeadersBuildPhase;
			buildActionMask = 2147483647;
			files = (
				1377813715F56E2E003623C6 /* RPFirework.h in Headers */,
				1377813815F56E2E003623C6 /* RPFireworkRule.h in Headers */,
				1377813915F56E2E003623C6 /* RPParticle.h in Headers */,
				1377813A15F56E2E003623C6 /* RPParticleForceGenerator.h in Headers */,
				1377813B15F56E2E003623C6 /* RPParticleForceRegistry.h in Headers */,
				1377813C15F56E2E003623C6 /* RPPhysicsOC.h in Headers */,
				1377813D15F56E2E003623C6 /* RPRandom.h in Headers */,
				1377813E15F56E2E003623C6 /* RPTypes.h in Headers */,
				1377813F15F56E2E003623C6 /* RPVector3.h in Headers */,
				1377814A15F59444003623C6 /* RPParticleGravity.h in Headers */,
				1377814E15F59ECD003623C6 /* RPParticleDrag.h in Headers */,
				1377815215F5A397003623C6 /* RPParticleSpring.h in Headers */,
			);
			runOnlyForDeploymentPostprocessing = 0;
		};
/* End PBXHeadersBuildPhase section */

/* Begin PBXNativeTarget section */
		1352493315F29A6200B98CF6 /* RPPhysicsOC */ = {
			isa = PBXNativeTarget;
			buildConfigurationList = 1352495915F29A6300B98CF6 /* Build configuration list for PBXNativeTarget "RPPhysicsOC" */;
			buildPhases = (
				1352493015F29A6200B98CF6 /* Sources */,
				1352493115F29A6200B98CF6 /* Frameworks */,
				1352493215F29A6200B98CF6 /* CopyFiles */,
				1377813615F56DF1003623C6 /* Headers */,
			);
			buildRules = (
			);
			dependencies = (
			);
			name = RPPhysicsOC;
			productName = RPPhysicsOC;
			productReference = 1352493415F29A6200B98CF6 /* libRPPhysicsOC.a */;
			productType = "com.apple.product-type.library.static";
		};
		1352494415F29A6300B98CF6 /* RPPhysicsOCTests */ = {
			isa = PBXNativeTarget;
			buildConfigurationList = 1352495C15F29A6300B98CF6 /* Build configuration list for PBXNativeTarget "RPPhysicsOCTests" */;
			buildPhases = (
				1352494015F29A6300B98CF6 /* Sources */,
				1352494115F29A6300B98CF6 /* Frameworks */,
				1352494215F29A6300B98CF6 /* Resources */,
				1352494315F29A6300B98CF6 /* ShellScript */,
			);
			buildRules = (
			);
			dependencies = (
				1352494C15F29A6300B98CF6 /* PBXTargetDependency */,
			);
			name = RPPhysicsOCTests;
			productName = RPPhysicsOCTests;
			productReference = 1352494515F29A6300B98CF6 /* RPPhysicsOCTests.octest */;
			productType = "com.apple.product-type.bundle";
		};
/* End PBXNativeTarget section */

/* Begin PBXProject section */
		1352492B15F29A6200B98CF6 /* Project object */ = {
			isa = PBXProject;
			attributes = {
				LastUpgradeCheck = 0440;
				ORGANIZATIONNAME = "Charles Ocheret";
			};
			buildConfigurationList = 1352492E15F29A6200B98CF6 /* Build configuration list for PBXProject "RPPhysicsOC" */;
			compatibilityVersion = "Xcode 3.2";
			developmentRegion = English;
			hasScannedForEncodings = 0;
			knownRegions = (
				en,
			);
			mainGroup = 1352492915F29A6200B98CF6;
			productRefGroup = 1352493515F29A6200B98CF6 /* Products */;
			projectDirPath = "";
			projectRoot = "";
			targets = (
				1352493315F29A6200B98CF6 /* RPPhysicsOC */,
				1352494415F29A6300B98CF6 /* RPPhysicsOCTests */,
			);
		};
/* End PBXProject section */

/* Begin PBXResourcesBuildPhase section */
		1352494215F29A6300B98CF6 /* Resources */ = {
			isa = PBXResourcesBuildPhase;
			buildActionMask = 2147483647;
			files = (
				1352495315F29A6300B98CF6 /* InfoPlist.strings in Resources */,
			);
			runOnlyForDeploymentPostprocessing = 0;
		};
/* End PBXResourcesBuildPhase section */

/* Begin PBXShellScriptBuildPhase section */
		1352494315F29A6300B98CF6 /* ShellScript */ = {
			isa = PBXShellScriptBuildPhase;
			buildActionMask = 2147483647;
			files = (
			);
			inputPaths = (
			);
			outputPaths = (
			);
			runOnlyForDeploymentPostprocessing = 0;
			shellPath = /bin/sh;
			shellScript = "# Run the unit tests in this test bundle.\n\"${SYSTEM_DEVELOPER_DIR}/Tools/RunUnitTests\"\n";
		};
/* End PBXShellScriptBuildPhase section */

/* Begin PBXSourcesBuildPhase section */
		1352493015F29A6200B98CF6 /* Sources */ = {
			isa = PBXSourcesBuildPhase;
			buildActionMask = 2147483647;
			files = (
				1352496615F2CF0D00B98CF6 /* RPParticle.m in Sources */,
				1352496915F2D43F00B98CF6 /* RPVector3.m in Sources */,
				1352496C15F331AE00B98CF6 /* RPFirework.m in Sources */,
				1377812715F4FC72003623C6 /* RPFireworkRule.m in Sources */,
				1377812B15F51672003623C6 /* RPRandom.m in Sources */,
				1377813515F55BD7003623C6 /* RPParticleForceRegistry.m in Sources */,
				1377814B15F59444003623C6 /* RPParticleGravity.m in Sources */,
				1377814F15F59ECD003623C6 /* RPParticleDrag.m in Sources */,
				1377815315F5A397003623C6 /* RPParticleSpring.m in Sources */,
			);
			runOnlyForDeploymentPostprocessing = 0;
		};
		1352494015F29A6300B98CF6 /* Sources */ = {
			isa = PBXSourcesBuildPhase;
			buildActionMask = 2147483647;
			files = (
				1352495615F29A6300B98CF6 /* RPPhysicsOCTests.m in Sources */,
				1352497315F3AA1900B98CF6 /* RPVector3Tests.m in Sources */,
				1352497915F3EEDE00B98CF6 /* RPParticleTests.m in Sources */,
				1377812E15F5464A003623C6 /* RPRandomTests.m in Sources */,
			);
			runOnlyForDeploymentPostprocessing = 0;
		};
/* End PBXSourcesBuildPhase section */

/* Begin PBXTargetDependency section */
		1352494C15F29A6300B98CF6 /* PBXTargetDependency */ = {
			isa = PBXTargetDependency;
			target = 1352493315F29A6200B98CF6 /* RPPhysicsOC */;
			targetProxy = 1352494B15F29A6300B98CF6 /* PBXContainerItemProxy */;
		};
/* End PBXTargetDependency section */

/* Begin PBXVariantGroup section */
		1352495115F29A6300B98CF6 /* InfoPlist.strings */ = {
			isa = PBXVariantGroup;
			children = (
				1352495215F29A6300B98CF6 /* en */,
			);
			name = InfoPlist.strings;
			sourceTree = "<group>";
		};
/* End PBXVariantGroup section */

/* Begin XCBuildConfiguration section */
		1352495715F29A6300B98CF6 /* Debug */ = {
			isa = XCBuildConfiguration;
			buildSettings = {
				ALWAYS_SEARCH_USER_PATHS = NO;
				ARCHS = "$(ARCHS_STANDARD_32_BIT)";
				CLANG_CXX_LANGUAGE_STANDARD = "gnu++0x";
				CLANG_ENABLE_OBJC_ARC = YES;
				CLANG_WARN__DUPLICATE_METHOD_MATCH = YES;
				COPY_PHASE_STRIP = NO;
				GCC_C_LANGUAGE_STANDARD = gnu99;
				GCC_DYNAMIC_NO_PIC = NO;
				GCC_OPTIMIZATION_LEVEL = 0;
				GCC_PREPROCESSOR_DEFINITIONS = (
					"DEBUG=1",
					"$(inherited)",
				);
				GCC_SYMBOLS_PRIVATE_EXTERN = NO;
				GCC_VERSION = com.apple.compilers.llvm.clang.1_0;
				GCC_WARN_ABOUT_RETURN_TYPE = YES;
				GCC_WARN_UNINITIALIZED_AUTOS = YES;
				GCC_WARN_UNUSED_VARIABLE = YES;
				IPHONEOS_DEPLOYMENT_TARGET = 5.1;
				SDKROOT = iphoneos;
			};
			name = Debug;
		};
		1352495815F29A6300B98CF6 /* Release */ = {
			isa = XCBuildConfiguration;
			buildSettings = {
				ALWAYS_SEARCH_USER_PATHS = NO;
				ARCHS = "$(ARCHS_STANDARD_32_BIT)";
				CLANG_CXX_LANGUAGE_STANDARD = "gnu++0x";
				CLANG_ENABLE_OBJC_ARC = YES;
				CLANG_WARN__DUPLICATE_METHOD_MATCH = YES;
				COPY_PHASE_STRIP = YES;
				GCC_C_LANGUAGE_STANDARD = gnu99;
				GCC_VERSION = com.apple.compilers.llvm.clang.1_0;
				GCC_WARN_ABOUT_RETURN_TYPE = YES;
				GCC_WARN_UNINITIALIZED_AUTOS = YES;
				GCC_WARN_UNUSED_VARIABLE = YES;
				IPHONEOS_DEPLOYMENT_TARGET = 5.1;
				SDKROOT = iphoneos;
				VALIDATE_PRODUCT = YES;
			};
			name = Release;
		};
		1352495A15F29A6300B98CF6 /* Debug */ = {
			isa = XCBuildConfiguration;
			buildSettings = {
				DSTROOT = /tmp/RPPhysicsOC.dst;
				GCC_PRECOMPILE_PREFIX_HEADER = YES;
				GCC_PREFIX_HEADER = "RPPhysicsOC/RPPhysicsOC-Prefix.pch";
				OTHER_LDFLAGS = "-ObjC";
				PRODUCT_NAME = "$(TARGET_NAME)";
				SKIP_INSTALL = YES;
			};
			name = Debug;
		};
		1352495B15F29A6300B98CF6 /* Release */ = {
			isa = XCBuildConfiguration;
			buildSettings = {
				DSTROOT = /tmp/RPPhysicsOC.dst;
				GCC_PRECOMPILE_PREFIX_HEADER = YES;
				GCC_PREFIX_HEADER = "RPPhysicsOC/RPPhysicsOC-Prefix.pch";
				OTHER_LDFLAGS = "-ObjC";
				PRODUCT_NAME = "$(TARGET_NAME)";
				SKIP_INSTALL = YES;
			};
			name = Release;
		};
		1352495D15F29A6300B98CF6 /* Debug */ = {
			isa = XCBuildConfiguration;
			buildSettings = {
				FRAMEWORK_SEARCH_PATHS = (
					"\"$(SDKROOT)/Developer/Library/Frameworks\"",
					"\"$(DEVELOPER_LIBRARY_DIR)/Frameworks\"",
				);
				GCC_PRECOMPILE_PREFIX_HEADER = YES;
				GCC_PREFIX_HEADER = "RPPhysicsOC/RPPhysicsOC-Prefix.pch";
				INFOPLIST_FILE = "RPPhysicsOCTests/RPPhysicsOCTests-Info.plist";
				PRODUCT_NAME = "$(TARGET_NAME)";
				WRAPPER_EXTENSION = octest;
			};
			name = Debug;
		};
		1352495E15F29A6300B98CF6 /* Release */ = {
			isa = XCBuildConfiguration;
			buildSettings = {
				FRAMEWORK_SEARCH_PATHS = (
					"\"$(SDKROOT)/Developer/Library/Frameworks\"",
					"\"$(DEVELOPER_LIBRARY_DIR)/Frameworks\"",
				);
				GCC_PRECOMPILE_PREFIX_HEADER = YES;
				GCC_PREFIX_HEADER = "RPPhysicsOC/RPPhysicsOC-Prefix.pch";
				INFOPLIST_FILE = "RPPhysicsOCTests/RPPhysicsOCTests-Info.plist";
				PRODUCT_NAME = "$(TARGET_NAME)";
				WRAPPER_EXTENSION = octest;
			};
			name = Release;
		};
/* End XCBuildConfiguration section */

/* Begin XCConfigurationList section */
		1352492E15F29A6200B98CF6 /* Build configuration list for PBXProject "RPPhysicsOC" */ = {
			isa = XCConfigurationList;
			buildConfigurations = (
				1352495715F29A6300B98CF6 /* Debug */,
				1352495815F29A6300B98CF6 /* Release */,
			);
			defaultConfigurationIsVisible = 0;
			defaultConfigurationName = Release;
		};
		1352495915F29A6300B98CF6 /* Build configuration list for PBXNativeTarget "RPPhysicsOC" */ = {
			isa = XCConfigurationList;
			buildConfigurations = (
				1352495A15F29A6300B98CF6 /* Debug */,
				1352495B15F29A6300B98CF6 /* Release */,
			);
			defaultConfigurationIsVisible = 0;
			defaultConfigurationName = Release;
		};
		1352495C15F29A6300B98CF6 /* Build configuration list for PBXNativeTarget "RPPhysicsOCTests" */ = {
			isa = XCConfigurationList;
			buildConfigurations = (
				1352495D15F29A6300B98CF6 /* Debug */,
				1352495E15F29A6300B98CF6 /* Release */,
			);
			defaultConfigurationIsVisible = 0;
			defaultConfigurationName = Release;
		};
/* End XCConfigurationList section */
	};
	rootObject = 1352492B15F29A6200B98CF6 /* Project object */;
}
